
Microsoft Visual Studio Solution File, Format Version 12.00
# Visual Studio Version 17
VisualStudioVersion = 17.3.32922.545
MinimumVisualStudioVersion = 10.0.40219.1
Project("{FAE04EC0-301F-11D3-BF4B-00C04F79EFBC}") = "gelattaria", "gelattaria.csproj", "{185BDC54-7D78-4E3E-B10E-5DA3BD6E82EB}"
EndProject
Global
	GlobalSection(SolutionConfigurationPlatforms) = preSolution
		Debug|Any CPU = Debug|Any CPU
		Release|Any CPU = Release|Any CPU
	EndGlobalSection
	GlobalSection(ProjectConfigurationPlatforms) = postSolution
		{185BDC54-7D78-4E3E-B10E-5DA3BD6E82EB}.Debug|Any CPU.ActiveCfg = Debug|Any CPU
		{185BDC54-7D78-4E3E-B10E-5DA3BD6E82EB}.Debug|Any CPU.Build.0 = Debug|Any CPU
		{185BDC54-7D78-4E3E-B10E-5DA3BD6E82EB}.Release|Any CPU.ActiveCfg = Release|Any CPU
		{185BDC54-7D78-4E3E-B10E-5DA3BD6E82EB}.Release|Any CPU.Build.0 = Release|Any CPU
	EndGlobalSection
	GlobalSection(SolutionProperties) = preSolution
		HideSolutionNode = FALSE
	EndGlobalSection
	GlobalSection(ExtensibilityGlobals) = postSolution
		SolutionGuid = {45BB195D-EEAD-410A-BEE0-9DBFA90C3476}
	EndGlobalSection
EndGlobal
